// !$*UTF8*$!
{
	archiveVersion = 1;
	classes = {
	};
	objectVersion = 46;
	objects = {

/* Begin PBXBuildFile section */
		0409BABB1E0BC6EC00713310 /* LSDateSelectView.m in Sources */ = {isa = PBXBuildFile; fileRef = 0409BABA1E0BC6EC00713310 /* LSDateSelectView.m */; };
		040DBE7E1E07CA6100D15EF9 /* main.m in Sources */ = {isa = PBXBuildFile; fileRef = 040DBE7D1E07CA6100D15EF9 /* main.m */; };
		040DBE8A1E07CA6100D15EF9 /* LYCModuleManager.xcdatamodeld in Sources */ = {isa = PBXBuildFile; fileRef = 040DBE881E07CA6100D15EF9 /* LYCModuleManager.xcdatamodeld */; };
		040DBE8C1E07CA6100D15EF9 /* Assets.xcassets in Resources */ = {isa = PBXBuildFile; fileRef = 040DBE8B1E07CA6100D15EF9 /* Assets.xcassets */; };
		040DBE9A1E07CA6100D15EF9 /* LYCModuleManagerTests.m in Sources */ = {isa = PBXBuildFile; fileRef = 040DBE991E07CA6100D15EF9 /* LYCModuleManagerTests.m */; };
		040DBEA51E07CA6100D15EF9 /* LYCModuleManagerUITests.m in Sources */ = {isa = PBXBuildFile; fileRef = 040DBEA41E07CA6100D15EF9 /* LYCModuleManagerUITests.m */; };
		046AA5AF1E07D2C30097EC30 /* AppDelegate.m in Sources */ = {isa = PBXBuildFile; fileRef = 046AA5AE1E07D2C30097EC30 /* AppDelegate.m */; };
		046AA5B41E07D48E0097EC30 /* QJKJTabBarController.m in Sources */ = {isa = PBXBuildFile; fileRef = 046AA5B31E07D48E0097EC30 /* QJKJTabBarController.m */; };
		04EE53EA1E1DD48800356BB4 /* chat_audio@2x.png in Resources */ = {isa = PBXBuildFile; fileRef = 04EE53E61E1DD48800356BB4 /* chat_audio@2x.png */; };
		04EE53EB1E1DD48800356BB4 /* chat_emoji@2x.png in Resources */ = {isa = PBXBuildFile; fileRef = 04EE53E71E1DD48800356BB4 /* chat_emoji@2x.png */; };
		04EE53EC1E1DD48800356BB4 /* chat_keyboard@2x.png in Resources */ = {isa = PBXBuildFile; fileRef = 04EE53E81E1DD48800356BB4 /* chat_keyboard@2x.png */; };
		04EE53ED1E1DD48800356BB4 /* chat_more@2x.png in Resources */ = {isa = PBXBuildFile; fileRef = 04EE53E91E1DD48800356BB4 /* chat_more@2x.png */; };
		04EE53F01E1DDDA900356BB4 /* QJKJChatAudioInputView.m in Sources */ = {isa = PBXBuildFile; fileRef = 04EE53EF1E1DDDA900356BB4 /* QJKJChatAudioInputView.m */; };
		04EE54071E1E446300356BB4 /* 亲亲@2x.png in Resources */ = {isa = PBXBuildFile; fileRef = 04EE53F21E1E446300356BB4 /* 亲亲@2x.png */; };
		04EE54081E1E446300356BB4 /* 冷汗@2x.png in Resources */ = {isa = PBXBuildFile; fileRef = 04EE53F31E1E446300356BB4 /* 冷汗@2x.png */; };
		04EE54091E1E446300356BB4 /* 吃惊@2x.png in Resources */ = {isa = PBXBuildFile; fileRef = 04EE53F41E1E446300356BB4 /* 吃惊@2x.png */; };
		04EE540A1E1E446300356BB4 /* 呲牙@2x.png in Resources */ = {isa = PBXBuildFile; fileRef = 04EE53F51E1E446300356BB4 /* 呲牙@2x.png */; };
		04EE540B1E1E446300356BB4 /* 喜欢@2x.png in Resources */ = {isa = PBXBuildFile; fileRef = 04EE53F61E1E446300356BB4 /* 喜欢@2x.png */; };
		04EE540C1E1E446300356BB4 /* 大哭@2x.png in Resources */ = {isa = PBXBuildFile; fileRef = 04EE53F71E1E446300356BB4 /* 大哭@2x.png */; };
		04EE540D1E1E446300356BB4 /* 失望@2x.png in Resources */ = {isa = PBXBuildFile; fileRef = 04EE53F81E1E446300356BB4 /* 失望@2x.png */; };
		04EE540E1E1E446300356BB4 /* 害怕@2x.png in Resources */ = {isa = PBXBuildFile; fileRef = 04EE53F91E1E446300356BB4 /* 害怕@2x.png */; };
		04EE540F1E1E446300356BB4 /* 害羞@2x.png in Resources */ = {isa = PBXBuildFile; fileRef = 04EE53FA1E1E446300356BB4 /* 害羞@2x.png */; };
		04EE54101E1E446300356BB4 /* 开心@2x.png in Resources */ = {isa = PBXBuildFile; fileRef = 04EE53FB1E1E446300356BB4 /* 开心@2x.png */; };
		04EE54111E1E446300356BB4 /* 惊恐@2x.png in Resources */ = {isa = PBXBuildFile; fileRef = 04EE53FC1E1E446300356BB4 /* 惊恐@2x.png */; };
		04EE54121E1E446300356BB4 /* 想想@2x.png in Resources */ = {isa = PBXBuildFile; fileRef = 04EE53FD1E1E446300356BB4 /* 想想@2x.png */; };
		04EE54131E1E446300356BB4 /* 眨眼@2x.png in Resources */ = {isa = PBXBuildFile; fileRef = 04EE53FE1E1E446300356BB4 /* 眨眼@2x.png */; };
		04EE54141E1E446300356BB4 /* 糟糕@2x.png in Resources */ = {isa = PBXBuildFile; fileRef = 04EE53FF1E1E446300356BB4 /* 糟糕@2x.png */; };
		04EE54151E1E446300356BB4 /* 纠结@2x.png in Resources */ = {isa = PBXBuildFile; fileRef = 04EE54001E1E446300356BB4 /* 纠结@2x.png */; };
		04EE54161E1E446300356BB4 /* 脸红@2x.png in Resources */ = {isa = PBXBuildFile; fileRef = 04EE54011E1E446300356BB4 /* 脸红@2x.png */; };
		04EE54171E1E446300356BB4 /* 苦脸@2x.png in Resources */ = {isa = PBXBuildFile; fileRef = 04EE54021E1E446300356BB4 /* 苦脸@2x.png */; };
		04EE54181E1E446300356BB4 /* 阴险@2x.png in Resources */ = {isa = PBXBuildFile; fileRef = 04EE54031E1E446300356BB4 /* 阴险@2x.png */; };
		04EE54191E1E446300356BB4 /* 难过@2x.png in Resources */ = {isa = PBXBuildFile; fileRef = 04EE54041E1E446300356BB4 /* 难过@2x.png */; };
		04EE541A1E1E446300356BB4 /* 飞吻@2x.png in Resources */ = {isa = PBXBuildFile; fileRef = 04EE54051E1E446300356BB4 /* 飞吻@2x.png */; };
		04EE541B1E1E446300356BB4 /* 鬼脸@2x.png in Resources */ = {isa = PBXBuildFile; fileRef = 04EE54061E1E446300356BB4 /* 鬼脸@2x.png */; };
		04EE541D1E1E4A7B00356BB4 /* chat_delete@2x.png in Resources */ = {isa = PBXBuildFile; fileRef = 04EE541C1E1E4A7B00356BB4 /* chat_delete@2x.png */; };
		123640B41E1D261300B7D371 /* QJKJChatModuleVC.m in Sources */ = {isa = PBXBuildFile; fileRef = 123640B31E1D261300B7D371 /* QJKJChatModuleVC.m */; };
		123640B71E1D266A00B7D371 /* QJKJChatInputView.m in Sources */ = {isa = PBXBuildFile; fileRef = 123640B61E1D266A00B7D371 /* QJKJChatInputView.m */; };
		123640BA1E1D2D0400B7D371 /* QJKJNavigationVC.m in Sources */ = {isa = PBXBuildFile; fileRef = 123640B91E1D2D0400B7D371 /* QJKJNavigationVC.m */; };
		123640BD1E1D334200B7D371 /* QJKJChatFaceView.m in Sources */ = {isa = PBXBuildFile; fileRef = 123640BC1E1D334200B7D371 /* QJKJChatFaceView.m */; };
		123640C01E1D3CE300B7D371 /* QJKJChatMoreView.m in Sources */ = {isa = PBXBuildFile; fileRef = 123640BF1E1D3CE300B7D371 /* QJKJChatMoreView.m */; };
		12CBC4A21E080B25007C7850 /* QJKJTextView.m in Sources */ = {isa = PBXBuildFile; fileRef = 12CBC4A11E080B25007C7850 /* QJKJTextView.m */; };
		12CBC4A51E080C2C007C7850 /* QJKJLabel.m in Sources */ = {isa = PBXBuildFile; fileRef = 12CBC4A41E080C2C007C7850 /* QJKJLabel.m */; };
		12CBC4AA1E080D96007C7850 /* UIFont+QJKJHelper.m in Sources */ = {isa = PBXBuildFile; fileRef = 12CBC4A91E080D96007C7850 /* UIFont+QJKJHelper.m */; };
		12CBC4AD1E081578007C7850 /* UIColor+QJKJHelper.m in Sources */ = {isa = PBXBuildFile; fileRef = 12CBC4AC1E081578007C7850 /* UIColor+QJKJHelper.m */; };
		12CBC4B11E081A36007C7850 /* UIView+QJKJBase.m in Sources */ = {isa = PBXBuildFile; fileRef = 12CBC4B01E081A36007C7850 /* UIView+QJKJBase.m */; };
		12CBC4B91E081FF8007C7850 /* QJKJBaseVC.m in Sources */ = {isa = PBXBuildFile; fileRef = 12CBC4B81E081FF8007C7850 /* QJKJBaseVC.m */; };
		12CBC4BC1E082049007C7850 /* QJKJHomeVC.m in Sources */ = {isa = PBXBuildFile; fileRef = 12CBC4BB1E082049007C7850 /* QJKJHomeVC.m */; };
		12CBC4BF1E0822A4007C7850 /* QJKJImageView.m in Sources */ = {isa = PBXBuildFile; fileRef = 12CBC4BE1E0822A4007C7850 /* QJKJImageView.m */; };
		12CBC4C21E0822B8007C7850 /* QJKJCollectionView.m in Sources */ = {isa = PBXBuildFile; fileRef = 12CBC4C11E0822B8007C7850 /* QJKJCollectionView.m */; };
		12CBC4C51E0822C2007C7850 /* QJKJButton.m in Sources */ = {isa = PBXBuildFile; fileRef = 12CBC4C41E0822C2007C7850 /* QJKJButton.m */; };
		12CBC4C81E0822CE007C7850 /* QJKJScrollView.m in Sources */ = {isa = PBXBuildFile; fileRef = 12CBC4C71E0822CE007C7850 /* QJKJScrollView.m */; };
		12CBC4CB1E0822DB007C7850 /* QJKJSwitch.m in Sources */ = {isa = PBXBuildFile; fileRef = 12CBC4CA1E0822DB007C7850 /* QJKJSwitch.m */; };
		12CBC4CE1E0822F0007C7850 /* QJKJTableView.m in Sources */ = {isa = PBXBuildFile; fileRef = 12CBC4CD1E0822F0007C7850 /* QJKJTableView.m */; };
		12CBC4D11E082306007C7850 /* QJKJTableViewCell.m in Sources */ = {isa = PBXBuildFile; fileRef = 12CBC4D01E082306007C7850 /* QJKJTableViewCell.m */; };
		12CBC4D41E082318007C7850 /* QJKJTextField.m in Sources */ = {isa = PBXBuildFile; fileRef = 12CBC4D31E082318007C7850 /* QJKJTextField.m */; };
		12CBC4D71E08234E007C7850 /* QJKJView.m in Sources */ = {isa = PBXBuildFile; fileRef = 12CBC4D61E08234E007C7850 /* QJKJView.m */; };
		12CBC4DB1E0824BC007C7850 /* LSDropBoxView.m in Sources */ = {isa = PBXBuildFile; fileRef = 12CBC4DA1E0824BC007C7850 /* LSDropBoxView.m */; };
		12CBC4DE1E0830A0007C7850 /* LSDropBoxCell.m in Sources */ = {isa = PBXBuildFile; fileRef = 12CBC4DD1E0830A0007C7850 /* LSDropBoxCell.m */; };
/* End PBXBuildFile section */

/* Begin PBXContainerItemProxy section */
		040DBE961E07CA6100D15EF9 /* PBXContainerItemProxy */ = {
			isa = PBXContainerItemProxy;
			containerPortal = 040DBE711E07CA6100D15EF9 /* Project object */;
			proxyType = 1;
			remoteGlobalIDString = 040DBE781E07CA6100D15EF9;
			remoteInfo = LYCModuleManager;
		};
		040DBEA11E07CA6100D15EF9 /* PBXContainerItemProxy */ = {
			isa = PBXContainerItemProxy;
			containerPortal = 040DBE711E07CA6100D15EF9 /* Project object */;
			proxyType = 1;
			remoteGlobalIDString = 040DBE781E07CA6100D15EF9;
			remoteInfo = LYCModuleManager;
		};
/* End PBXContainerItemProxy section */

/* Begin PBXFileReference section */
		0409BAB91E0BC6EC00713310 /* LSDateSelectView.h */ = {isa = PBXFileReference; fileEncoding = 4; lastKnownFileType = sourcecode.c.h; path = LSDateSelectView.h; sourceTree = "<group>"; };
		0409BABA1E0BC6EC00713310 /* LSDateSelectView.m */ = {isa = PBXFileReference; fileEncoding = 4; lastKnownFileType = sourcecode.c.objc; path = LSDateSelectView.m; sourceTree = "<group>"; };
		040DBE791E07CA6100D15EF9 /* LYCModuleManager.app */ = {isa = PBXFileReference; explicitFileType = wrapper.application; includeInIndex = 0; path = LYCModuleManager.app; sourceTree = BUILT_PRODUCTS_DIR; };
		040DBE7D1E07CA6100D15EF9 /* main.m */ = {isa = PBXFileReference; lastKnownFileType = sourcecode.c.objc; path = main.m; sourceTree = "<group>"; };
		040DBE891E07CA6100D15EF9 /* LYCModuleManager.xcdatamodel */ = {isa = PBXFileReference; lastKnownFileType = wrapper.xcdatamodel; path = LYCModuleManager.xcdatamodel; sourceTree = "<group>"; };
		040DBE8B1E07CA6100D15EF9 /* Assets.xcassets */ = {isa = PBXFileReference; lastKnownFileType = folder.assetcatalog; path = Assets.xcassets; sourceTree = "<group>"; };
		040DBE901E07CA6100D15EF9 /* Info.plist */ = {isa = PBXFileReference; lastKnownFileType = text.plist.xml; path = Info.plist; sourceTree = "<group>"; };
		040DBE951E07CA6100D15EF9 /* LYCModuleManagerTests.xctest */ = {isa = PBXFileReference; explicitFileType = wrapper.cfbundle; includeInIndex = 0; path = LYCModuleManagerTests.xctest; sourceTree = BUILT_PRODUCTS_DIR; };
		040DBE991E07CA6100D15EF9 /* LYCModuleManagerTests.m */ = {isa = PBXFileReference; lastKnownFileType = sourcecode.c.objc; path = LYCModuleManagerTests.m; sourceTree = "<group>"; };
		040DBE9B1E07CA6100D15EF9 /* Info.plist */ = {isa = PBXFileReference; lastKnownFileType = text.plist.xml; path = Info.plist; sourceTree = "<group>"; };
		040DBEA01E07CA6100D15EF9 /* LYCModuleManagerUITests.xctest */ = {isa = PBXFileReference; explicitFileType = wrapper.cfbundle; includeInIndex = 0; path = LYCModuleManagerUITests.xctest; sourceTree = BUILT_PRODUCTS_DIR; };
		040DBEA41E07CA6100D15EF9 /* LYCModuleManagerUITests.m */ = {isa = PBXFileReference; lastKnownFileType = sourcecode.c.objc; path = LYCModuleManagerUITests.m; sourceTree = "<group>"; };
		040DBEA61E07CA6100D15EF9 /* Info.plist */ = {isa = PBXFileReference; lastKnownFileType = text.plist.xml; path = Info.plist; sourceTree = "<group>"; };
		046AA5AD1E07D2C30097EC30 /* AppDelegate.h */ = {isa = PBXFileReference; fileEncoding = 4; lastKnownFileType = sourcecode.c.h; path = AppDelegate.h; sourceTree = "<group>"; };
		046AA5AE1E07D2C30097EC30 /* AppDelegate.m */ = {isa = PBXFileReference; fileEncoding = 4; lastKnownFileType = sourcecode.c.objc; path = AppDelegate.m; sourceTree = "<group>"; };
		046AA5B11E07D37A0097EC30 /* LYCPch.pch */ = {isa = PBXFileReference; fileEncoding = 4; lastKnownFileType = sourcecode.c.h; path = LYCPch.pch; sourceTree = "<group>"; };
		046AA5B21E07D48E0097EC30 /* QJKJTabBarController.h */ = {isa = PBXFileReference; fileEncoding = 4; lastKnownFileType = sourcecode.c.h; path = QJKJTabBarController.h; sourceTree = "<group>"; };
		046AA5B31E07D48E0097EC30 /* QJKJTabBarController.m */ = {isa = PBXFileReference; fileEncoding = 4; lastKnownFileType = sourcecode.c.objc; path = QJKJTabBarController.m; sourceTree = "<group>"; };
		046AA5B51E07D64D0097EC30 /* LYCAppConfigMacro.h */ = {isa = PBXFileReference; fileEncoding = 4; lastKnownFileType = sourcecode.c.h; path = LYCAppConfigMacro.h; sourceTree = "<group>"; };
		046AA5B61E07D6630097EC30 /* LYCUtilMacro.h */ = {isa = PBXFileReference; fileEncoding = 4; lastKnownFileType = sourcecode.c.h; path = LYCUtilMacro.h; sourceTree = "<group>"; };
		046AA5B71E07D67C0097EC30 /* LYCHeadMacro.h */ = {isa = PBXFileReference; fileEncoding = 4; lastKnownFileType = sourcecode.c.h; path = LYCHeadMacro.h; sourceTree = "<group>"; };
		046AA5B81E07D68F0097EC30 /* LYCNotifactionNameMacro.h */ = {isa = PBXFileReference; fileEncoding = 4; lastKnownFileType = sourcecode.c.h; path = LYCNotifactionNameMacro.h; sourceTree = "<group>"; };
		046AA5B91E07D6B50097EC30 /* LYCUrlMacro.h */ = {isa = PBXFileReference; fileEncoding = 4; lastKnownFileType = sourcecode.c.h; path = LYCUrlMacro.h; sourceTree = "<group>"; };
		04EE53E61E1DD48800356BB4 /* chat_audio@2x.png */ = {isa = PBXFileReference; lastKnownFileType = image.png; path = "chat_audio@2x.png"; sourceTree = "<group>"; };
		04EE53E71E1DD48800356BB4 /* chat_emoji@2x.png */ = {isa = PBXFileReference; lastKnownFileType = image.png; path = "chat_emoji@2x.png"; sourceTree = "<group>"; };
		04EE53E81E1DD48800356BB4 /* chat_keyboard@2x.png */ = {isa = PBXFileReference; lastKnownFileType = image.png; path = "chat_keyboard@2x.png"; sourceTree = "<group>"; };
		04EE53E91E1DD48800356BB4 /* chat_more@2x.png */ = {isa = PBXFileReference; lastKnownFileType = image.png; path = "chat_more@2x.png"; sourceTree = "<group>"; };
		04EE53EE1E1DDDA900356BB4 /* QJKJChatAudioInputView.h */ = {isa = PBXFileReference; fileEncoding = 4; lastKnownFileType = sourcecode.c.h; path = QJKJChatAudioInputView.h; sourceTree = "<group>"; };
		04EE53EF1E1DDDA900356BB4 /* QJKJChatAudioInputView.m */ = {isa = PBXFileReference; fileEncoding = 4; lastKnownFileType = sourcecode.c.objc; path = QJKJChatAudioInputView.m; sourceTree = "<group>"; };
		04EE53F21E1E446300356BB4 /* 亲亲@2x.png */ = {isa = PBXFileReference; lastKnownFileType = image.png; path = "亲亲@2x.png"; sourceTree = "<group>"; };
		04EE53F31E1E446300356BB4 /* 冷汗@2x.png */ = {isa = PBXFileReference; lastKnownFileType = image.png; path = "冷汗@2x.png"; sourceTree = "<group>"; };
		04EE53F41E1E446300356BB4 /* 吃惊@2x.png */ = {isa = PBXFileReference; lastKnownFileType = image.png; path = "吃惊@2x.png"; sourceTree = "<group>"; };
		04EE53F51E1E446300356BB4 /* 呲牙@2x.png */ = {isa = PBXFileReference; lastKnownFileType = image.png; path = "呲牙@2x.png"; sourceTree = "<group>"; };
		04EE53F61E1E446300356BB4 /* 喜欢@2x.png */ = {isa = PBXFileReference; lastKnownFileType = image.png; path = "喜欢@2x.png"; sourceTree = "<group>"; };
		04EE53F71E1E446300356BB4 /* 大哭@2x.png */ = {isa = PBXFileReference; lastKnownFileType = image.png; path = "大哭@2x.png"; sourceTree = "<group>"; };
		04EE53F81E1E446300356BB4 /* 失望@2x.png */ = {isa = PBXFileReference; lastKnownFileType = image.png; path = "失望@2x.png"; sourceTree = "<group>"; };
		04EE53F91E1E446300356BB4 /* 害怕@2x.png */ = {isa = PBXFileReference; lastKnownFileType = image.png; path = "害怕@2x.png"; sourceTree = "<group>"; };
		04EE53FA1E1E446300356BB4 /* 害羞@2x.png */ = {isa = PBXFileReference; lastKnownFileType = image.png; path = "害羞@2x.png"; sourceTree = "<group>"; };
		04EE53FB1E1E446300356BB4 /* 开心@2x.png */ = {isa = PBXFileReference; lastKnownFileType = image.png; path = "开心@2x.png"; sourceTree = "<group>"; };
		04EE53FC1E1E446300356BB4 /* 惊恐@2x.png */ = {isa = PBXFileReference; lastKnownFileType = image.png; path = "惊恐@2x.png"; sourceTree = "<group>"; };
		04EE53FD1E1E446300356BB4 /* 想想@2x.png */ = {isa = PBXFileReference; lastKnownFileType = image.png; path = "想想@2x.png"; sourceTree = "<group>"; };
		04EE53FE1E1E446300356BB4 /* 眨眼@2x.png */ = {isa = PBXFileReference; lastKnownFileType = image.png; path = "眨眼@2x.png"; sourceTree = "<group>"; };
		04EE53FF1E1E446300356BB4 /* 糟糕@2x.png */ = {isa = PBXFileReference; lastKnownFileType = image.png; path = "糟糕@2x.png"; sourceTree = "<group>"; };
		04EE54001E1E446300356BB4 /* 纠结@2x.png */ = {isa = PBXFileReference; lastKnownFileType = image.png; path = "纠结@2x.png"; sourceTree = "<group>"; };
		04EE54011E1E446300356BB4 /* 脸红@2x.png */ = {isa = PBXFileReference; lastKnownFileType = image.png; path = "脸红@2x.png"; sourceTree = "<group>"; };
		04EE54021E1E446300356BB4 /* 苦脸@2x.png */ = {isa = PBXFileReference; lastKnownFileType = image.png; path = "苦脸@2x.png"; sourceTree = "<group>"; };
		04EE54031E1E446300356BB4 /* 阴险@2x.png */ = {isa = PBXFileReference; lastKnownFileType = image.png; path = "阴险@2x.png"; sourceTree = "<group>"; };
		04EE54041E1E446300356BB4 /* 难过@2x.png */ = {isa = PBXFileReference; lastKnownFileType = image.png; path = "难过@2x.png"; sourceTree = "<group>"; };
		04EE54051E1E446300356BB4 /* 飞吻@2x.png */ = {isa = PBXFileReference; lastKnownFileType = image.png; path = "飞吻@2x.png"; sourceTree = "<group>"; };
		04EE54061E1E446300356BB4 /* 鬼脸@2x.png */ = {isa = PBXFileReference; lastKnownFileType = image.png; path = "鬼脸@2x.png"; sourceTree = "<group>"; };
		04EE541C1E1E4A7B00356BB4 /* chat_delete@2x.png */ = {isa = PBXFileReference; lastKnownFileType = image.png; path = "chat_delete@2x.png"; sourceTree = "<group>"; };
		123640B21E1D261300B7D371 /* QJKJChatModuleVC.h */ = {isa = PBXFileReference; fileEncoding = 4; lastKnownFileType = sourcecode.c.h; path = QJKJChatModuleVC.h; sourceTree = "<group>"; };
		123640B31E1D261300B7D371 /* QJKJChatModuleVC.m */ = {isa = PBXFileReference; fileEncoding = 4; lastKnownFileType = sourcecode.c.objc; path = QJKJChatModuleVC.m; sourceTree = "<group>"; };
		123640B51E1D266A00B7D371 /* QJKJChatInputView.h */ = {isa = PBXFileReference; fileEncoding = 4; lastKnownFileType = sourcecode.c.h; path = QJKJChatInputView.h; sourceTree = "<group>"; };
		123640B61E1D266A00B7D371 /* QJKJChatInputView.m */ = {isa = PBXFileReference; fileEncoding = 4; lastKnownFileType = sourcecode.c.objc; path = QJKJChatInputView.m; sourceTree = "<group>"; };
		123640B81E1D2D0400B7D371 /* QJKJNavigationVC.h */ = {isa = PBXFileReference; fileEncoding = 4; lastKnownFileType = sourcecode.c.h; path = QJKJNavigationVC.h; sourceTree = "<group>"; };
		123640B91E1D2D0400B7D371 /* QJKJNavigationVC.m */ = {isa = PBXFileReference; fileEncoding = 4; lastKnownFileType = sourcecode.c.objc; path = QJKJNavigationVC.m; sourceTree = "<group>"; };
		123640BB1E1D334200B7D371 /* QJKJChatFaceView.h */ = {isa = PBXFileReference; fileEncoding = 4; lastKnownFileType = sourcecode.c.h; path = QJKJChatFaceView.h; sourceTree = "<group>"; };
		123640BC1E1D334200B7D371 /* QJKJChatFaceView.m */ = {isa = PBXFileReference; fileEncoding = 4; lastKnownFileType = sourcecode.c.objc; path = QJKJChatFaceView.m; sourceTree = "<group>"; };
		123640BE1E1D3CE300B7D371 /* QJKJChatMoreView.h */ = {isa = PBXFileReference; fileEncoding = 4; lastKnownFileType = sourcecode.c.h; path = QJKJChatMoreView.h; sourceTree = "<group>"; };
		123640BF1E1D3CE300B7D371 /* QJKJChatMoreView.m */ = {isa = PBXFileReference; fileEncoding = 4; lastKnownFileType = sourcecode.c.objc; path = QJKJChatMoreView.m; sourceTree = "<group>"; };
		12CBC4A01E080B25007C7850 /* QJKJTextView.h */ = {isa = PBXFileReference; fileEncoding = 4; lastKnownFileType = sourcecode.c.h; path = QJKJTextView.h; sourceTree = "<group>"; };
		12CBC4A11E080B25007C7850 /* QJKJTextView.m */ = {isa = PBXFileReference; fileEncoding = 4; lastKnownFileType = sourcecode.c.objc; path = QJKJTextView.m; sourceTree = "<group>"; };
		12CBC4A31E080C2C007C7850 /* QJKJLabel.h */ = {isa = PBXFileReference; fileEncoding = 4; lastKnownFileType = sourcecode.c.h; path = QJKJLabel.h; sourceTree = "<group>"; };
		12CBC4A41E080C2C007C7850 /* QJKJLabel.m */ = {isa = PBXFileReference; fileEncoding = 4; lastKnownFileType = sourcecode.c.objc; path = QJKJLabel.m; sourceTree = "<group>"; };
		12CBC4A81E080D96007C7850 /* UIFont+QJKJHelper.h */ = {isa = PBXFileReference; fileEncoding = 4; lastKnownFileType = sourcecode.c.h; path = "UIFont+QJKJHelper.h"; sourceTree = "<group>"; };
		12CBC4A91E080D96007C7850 /* UIFont+QJKJHelper.m */ = {isa = PBXFileReference; fileEncoding = 4; lastKnownFileType = sourcecode.c.objc; path = "UIFont+QJKJHelper.m"; sourceTree = "<group>"; };
		12CBC4AB1E081578007C7850 /* UIColor+QJKJHelper.h */ = {isa = PBXFileReference; fileEncoding = 4; lastKnownFileType = sourcecode.c.h; path = "UIColor+QJKJHelper.h"; sourceTree = "<group>"; };
		12CBC4AC1E081578007C7850 /* UIColor+QJKJHelper.m */ = {isa = PBXFileReference; fileEncoding = 4; lastKnownFileType = sourcecode.c.objc; path = "UIColor+QJKJHelper.m"; sourceTree = "<group>"; };
		12CBC4AF1E081A36007C7850 /* UIView+QJKJBase.h */ = {isa = PBXFileReference; fileEncoding = 4; lastKnownFileType = sourcecode.c.h; path = "UIView+QJKJBase.h"; sourceTree = "<group>"; };
		12CBC4B01E081A36007C7850 /* UIView+QJKJBase.m */ = {isa = PBXFileReference; fileEncoding = 4; lastKnownFileType = sourcecode.c.objc; path = "UIView+QJKJBase.m"; sourceTree = "<group>"; };
		12CBC4B71E081FF8007C7850 /* QJKJBaseVC.h */ = {isa = PBXFileReference; fileEncoding = 4; lastKnownFileType = sourcecode.c.h; path = QJKJBaseVC.h; sourceTree = "<group>"; };
		12CBC4B81E081FF8007C7850 /* QJKJBaseVC.m */ = {isa = PBXFileReference; fileEncoding = 4; lastKnownFileType = sourcecode.c.objc; path = QJKJBaseVC.m; sourceTree = "<group>"; };
		12CBC4BA1E082049007C7850 /* QJKJHomeVC.h */ = {isa = PBXFileReference; fileEncoding = 4; lastKnownFileType = sourcecode.c.h; path = QJKJHomeVC.h; sourceTree = "<group>"; };
		12CBC4BB1E082049007C7850 /* QJKJHomeVC.m */ = {isa = PBXFileReference; fileEncoding = 4; lastKnownFileType = sourcecode.c.objc; path = QJKJHomeVC.m; sourceTree = "<group>"; };
		12CBC4BD1E0822A4007C7850 /* QJKJImageView.h */ = {isa = PBXFileReference; fileEncoding = 4; lastKnownFileType = sourcecode.c.h; path = QJKJImageView.h; sourceTree = "<group>"; };
		12CBC4BE1E0822A4007C7850 /* QJKJImageView.m */ = {isa = PBXFileReference; fileEncoding = 4; lastKnownFileType = sourcecode.c.objc; path = QJKJImageView.m; sourceTree = "<group>"; };
		12CBC4C01E0822B8007C7850 /* QJKJCollectionView.h */ = {isa = PBXFileReference; fileEncoding = 4; lastKnownFileType = sourcecode.c.h; path = QJKJCollectionView.h; sourceTree = "<group>"; };
		12CBC4C11E0822B8007C7850 /* QJKJCollectionView.m */ = {isa = PBXFileReference; fileEncoding = 4; lastKnownFileType = sourcecode.c.objc; path = QJKJCollectionView.m; sourceTree = "<group>"; };
		12CBC4C31E0822C2007C7850 /* QJKJButton.h */ = {isa = PBXFileReference; fileEncoding = 4; lastKnownFileType = sourcecode.c.h; path = QJKJButton.h; sourceTree = "<group>"; };
		12CBC4C41E0822C2007C7850 /* QJKJButton.m */ = {isa = PBXFileReference; fileEncoding = 4; lastKnownFileType = sourcecode.c.objc; path = QJKJButton.m; sourceTree = "<group>"; };
		12CBC4C61E0822CE007C7850 /* QJKJScrollView.h */ = {isa = PBXFileReference; fileEncoding = 4; lastKnownFileType = sourcecode.c.h; path = QJKJScrollView.h; sourceTree = "<group>"; };
		12CBC4C71E0822CE007C7850 /* QJKJScrollView.m */ = {isa = PBXFileReference; fileEncoding = 4; lastKnownFileType = sourcecode.c.objc; path = QJKJScrollView.m; sourceTree = "<group>"; };
		12CBC4C91E0822DB007C7850 /* QJKJSwitch.h */ = {isa = PBXFileReference; fileEncoding = 4; lastKnownFileType = sourcecode.c.h; path = QJKJSwitch.h; sourceTree = "<group>"; };
		12CBC4CA1E0822DB007C7850 /* QJKJSwitch.m */ = {isa = PBXFileReference; fileEncoding = 4; lastKnownFileType = sourcecode.c.objc; path = QJKJSwitch.m; sourceTree = "<group>"; };
		12CBC4CC1E0822F0007C7850 /* QJKJTableView.h */ = {isa = PBXFileReference; fileEncoding = 4; lastKnownFileType = sourcecode.c.h; path = QJKJTableView.h; sourceTree = "<group>"; };
		12CBC4CD1E0822F0007C7850 /* QJKJTableView.m */ = {isa = PBXFileReference; fileEncoding = 4; lastKnownFileType = sourcecode.c.objc; path = QJKJTableView.m; sourceTree = "<group>"; };
		12CBC4CF1E082306007C7850 /* QJKJTableViewCell.h */ = {isa = PBXFileReference; fileEncoding = 4; lastKnownFileType = sourcecode.c.h; path = QJKJTableViewCell.h; sourceTree = "<group>"; };
		12CBC4D01E082306007C7850 /* QJKJTableViewCell.m */ = {isa = PBXFileReference; fileEncoding = 4; lastKnownFileType = sourcecode.c.objc; path = QJKJTableViewCell.m; sourceTree = "<group>"; };
		12CBC4D21E082318007C7850 /* QJKJTextField.h */ = {isa = PBXFileReference; fileEncoding = 4; lastKnownFileType = sourcecode.c.h; path = QJKJTextField.h; sourceTree = "<group>"; };
		12CBC4D31E082318007C7850 /* QJKJTextField.m */ = {isa = PBXFileReference; fileEncoding = 4; lastKnownFileType = sourcecode.c.objc; path = QJKJTextField.m; sourceTree = "<group>"; };
		12CBC4D51E08234E007C7850 /* QJKJView.h */ = {isa = PBXFileReference; fileEncoding = 4; lastKnownFileType = sourcecode.c.h; path = QJKJView.h; sourceTree = "<group>"; };
		12CBC4D61E08234E007C7850 /* QJKJView.m */ = {isa = PBXFileReference; fileEncoding = 4; lastKnownFileType = sourcecode.c.objc; path = QJKJView.m; sourceTree = "<group>"; };
		12CBC4D91E0824BC007C7850 /* LSDropBoxView.h */ = {isa = PBXFileReference; fileEncoding = 4; lastKnownFileType = sourcecode.c.h; path = LSDropBoxView.h; sourceTree = "<group>"; };
		12CBC4DA1E0824BC007C7850 /* LSDropBoxView.m */ = {isa = PBXFileReference; fileEncoding = 4; lastKnownFileType = sourcecode.c.objc; path = LSDropBoxView.m; sourceTree = "<group>"; };
		12CBC4DC1E0830A0007C7850 /* LSDropBoxCell.h */ = {isa = PBXFileReference; fileEncoding = 4; lastKnownFileType = sourcecode.c.h; path = LSDropBoxCell.h; sourceTree = "<group>"; };
		12CBC4DD1E0830A0007C7850 /* LSDropBoxCell.m */ = {isa = PBXFileReference; fileEncoding = 4; lastKnownFileType = sourcecode.c.objc; path = LSDropBoxCell.m; sourceTree = "<group>"; };
/* End PBXFileReference section */

/* Begin PBXFrameworksBuildPhase section */
		040DBE761E07CA6100D15EF9 /* Frameworks */ = {
			isa = PBXFrameworksBuildPhase;
			buildActionMask = 2147483647;
			files = (
			);
			runOnlyForDeploymentPostprocessing = 0;
		};
		040DBE921E07CA6100D15EF9 /* Frameworks */ = {
			isa = PBXFrameworksBuildPhase;
			buildActionMask = 2147483647;
			files = (
			);
			runOnlyForDeploymentPostprocessing = 0;
		};
		040DBE9D1E07CA6100D15EF9 /* Frameworks */ = {
			isa = PBXFrameworksBuildPhase;
			buildActionMask = 2147483647;
			files = (
			);
			runOnlyForDeploymentPostprocessing = 0;
		};
/* End PBXFrameworksBuildPhase section */

/* Begin PBXGroup section */
		0409BAB81E0BC6BB00713310 /* DateSelect(选择时间) */ = {
			isa = PBXGroup;
			children = (
				0409BAB91E0BC6EC00713310 /* LSDateSelectView.h */,
				0409BABA1E0BC6EC00713310 /* LSDateSelectView.m */,
			);
			name = "DateSelect(选择时间)";
			path = DateSelect;
			sourceTree = "<group>";
		};
		040DBE701E07CA6100D15EF9 = {
			isa = PBXGroup;
			children = (
				040DBE7B1E07CA6100D15EF9 /* LYCModuleManager */,
				040DBE981E07CA6100D15EF9 /* LYCModuleManagerTests */,
				040DBEA31E07CA6100D15EF9 /* LYCModuleManagerUITests */,
				040DBE7A1E07CA6100D15EF9 /* Products */,
			);
			sourceTree = "<group>";
		};
		040DBE7A1E07CA6100D15EF9 /* Products */ = {
			isa = PBXGroup;
			children = (
				040DBE791E07CA6100D15EF9 /* LYCModuleManager.app */,
				040DBE951E07CA6100D15EF9 /* LYCModuleManagerTests.xctest */,
				040DBEA01E07CA6100D15EF9 /* LYCModuleManagerUITests.xctest */,
			);
			name = Products;
			sourceTree = "<group>";
		};
		040DBE7B1E07CA6100D15EF9 /* LYCModuleManager */ = {
			isa = PBXGroup;
			children = (
				046AA5941E07D1E60097EC30 /* Category(拓展) */,
				046AA5951E07D1E60097EC30 /* Macro(宏) */,
				046AA5961E07D1E60097EC30 /* Module(模块) */,
				046AA5AA1E07D1E60097EC30 /* Other(其它) */,
				046AA5AB1E07D1E60097EC30 /* Resource(资源) */,
				046AA5AC1E07D1E60097EC30 /* Vendor(第三方) */,
				040DBE8B1E07CA6100D15EF9 /* Assets.xcassets */,
				040DBE901E07CA6100D15EF9 /* Info.plist */,
				040DBE881E07CA6100D15EF9 /* LYCModuleManager.xcdatamodeld */,
				040DBE7C1E07CA6100D15EF9 /* Supporting Files */,
			);
			path = LYCModuleManager;
			sourceTree = "<group>";
		};
		040DBE7C1E07CA6100D15EF9 /* Supporting Files */ = {
			isa = PBXGroup;
			children = (
				040DBE7D1E07CA6100D15EF9 /* main.m */,
			);
			name = "Supporting Files";
			sourceTree = "<group>";
		};
		040DBE981E07CA6100D15EF9 /* LYCModuleManagerTests */ = {
			isa = PBXGroup;
			children = (
				040DBE991E07CA6100D15EF9 /* LYCModuleManagerTests.m */,
				040DBE9B1E07CA6100D15EF9 /* Info.plist */,
			);
			path = LYCModuleManagerTests;
			sourceTree = "<group>";
		};
		040DBEA31E07CA6100D15EF9 /* LYCModuleManagerUITests */ = {
			isa = PBXGroup;
			children = (
				040DBEA41E07CA6100D15EF9 /* LYCModuleManagerUITests.m */,
				040DBEA61E07CA6100D15EF9 /* Info.plist */,
			);
			path = LYCModuleManagerUITests;
			sourceTree = "<group>";
		};
		046AA5941E07D1E60097EC30 /* Category(拓展) */ = {
			isa = PBXGroup;
			children = (
				12CBC4AE1E081A1B007C7850 /* ViewCategory(控件) */,
				12CBC4A71E080D1F007C7850 /* ColorCategory(颜色) */,
				12CBC4A61E080D00007C7850 /* FontCategory(字体) */,
			);
			name = "Category(拓展)";
			path = Category;
			sourceTree = "<group>";
		};
		046AA5951E07D1E60097EC30 /* Macro(宏) */ = {
			isa = PBXGroup;
			children = (
				046AA5B11E07D37A0097EC30 /* LYCPch.pch */,
				046AA5B51E07D64D0097EC30 /* LYCAppConfigMacro.h */,
				046AA5B61E07D6630097EC30 /* LYCUtilMacro.h */,
				046AA5B71E07D67C0097EC30 /* LYCHeadMacro.h */,
				046AA5B81E07D68F0097EC30 /* LYCNotifactionNameMacro.h */,
				046AA5B91E07D6B50097EC30 /* LYCUrlMacro.h */,
			);
			name = "Macro(宏)";
			path = Macro;
			sourceTree = "<group>";
		};
		046AA5961E07D1E60097EC30 /* Module(模块) */ = {
			isa = PBXGroup;
			children = (
				046AA5971E07D1E60097EC30 /* BasicModule(基本模块) */,
				046AA5A91E07D1E60097EC30 /* MainModule(主要模块) */,
			);
			name = "Module(模块)";
			path = Module;
			sourceTree = "<group>";
		};
		046AA5971E07D1E60097EC30 /* BasicModule(基本模块) */ = {
			isa = PBXGroup;
			children = (
				123640AA1E1D259600B7D371 /* ChatModule(聊天) */,
				0409BAB81E0BC6BB00713310 /* DateSelect(选择时间) */,
				12CBC4D81E082474007C7850 /* DropBox(下拉框) */,
				046AA5981E07D1E60097EC30 /* PictureStore(图片库) */,
				046AA5991E07D1E60097EC30 /* VCStore(控制器库) */,
				046AA59D1E07D1E60097EC30 /* ViewStore(控件库) */,
			);
			name = "BasicModule(基本模块)";
			path = BasicModule;
			sourceTree = "<group>";
		};
		046AA5981E07D1E60097EC30 /* PictureStore(图片库) */ = {
			isa = PBXGroup;
			children = (
			);
			name = "PictureStore(图片库)";
			path = PictureStore;
			sourceTree = "<group>";
		};
		046AA5991E07D1E60097EC30 /* VCStore(控制器库) */ = {
			isa = PBXGroup;
			children = (
				046AA59A1E07D1E60097EC30 /* Navigation(导航条) */,
				046AA59B1E07D1E60097EC30 /* Tabbar */,
				046AA59C1E07D1E60097EC30 /* VC */,
			);
			name = "VCStore(控制器库)";
			path = VCStore;
			sourceTree = "<group>";
		};
		046AA59A1E07D1E60097EC30 /* Navigation(导航条) */ = {
			isa = PBXGroup;
			children = (
				123640B81E1D2D0400B7D371 /* QJKJNavigationVC.h */,
				123640B91E1D2D0400B7D371 /* QJKJNavigationVC.m */,
			);
			name = "Navigation(导航条)";
			path = Navigation;
			sourceTree = "<group>";
		};
		046AA59B1E07D1E60097EC30 /* Tabbar */ = {
			isa = PBXGroup;
			children = (
				046AA5B21E07D48E0097EC30 /* QJKJTabBarController.h */,
				046AA5B31E07D48E0097EC30 /* QJKJTabBarController.m */,
			);
			path = Tabbar;
			sourceTree = "<group>";
		};
		046AA59C1E07D1E60097EC30 /* VC */ = {
			isa = PBXGroup;
			children = (
				12CBC4B71E081FF8007C7850 /* QJKJBaseVC.h */,
				12CBC4B81E081FF8007C7850 /* QJKJBaseVC.m */,
			);
			path = VC;
			sourceTree = "<group>";
		};
		046AA59D1E07D1E60097EC30 /* ViewStore(控件库) */ = {
			isa = PBXGroup;
			children = (
				046AA59E1E07D1E60097EC30 /* UIButton */,
				046AA59F1E07D1E60097EC30 /* UICollectionView */,
				046AA5A01E07D1E60097EC30 /* UIImageView */,
				046AA5A11E07D1E60097EC30 /* UILabel */,
				046AA5A21E07D1E60097EC30 /* UIScrollView */,
				046AA5A31E07D1E60097EC30 /* UISwitch */,
				046AA5A41E07D1E60097EC30 /* UITableView */,
				046AA5A51E07D1E60097EC30 /* UITableViewCell */,
				046AA5A61E07D1E60097EC30 /* UITextField */,
				046AA5A71E07D1E60097EC30 /* UITextView */,
				046AA5A81E07D1E60097EC30 /* UIView */,
			);
			name = "ViewStore(控件库)";
			path = ViewStore;
			sourceTree = "<group>";
		};
		046AA59E1E07D1E60097EC30 /* UIButton */ = {
			isa = PBXGroup;
			children = (
				12CBC4C31E0822C2007C7850 /* QJKJButton.h */,
				12CBC4C41E0822C2007C7850 /* QJKJButton.m */,
			);
			path = UIButton;
			sourceTree = "<group>";
		};
		046AA59F1E07D1E60097EC30 /* UICollectionView */ = {
			isa = PBXGroup;
			children = (
				12CBC4C01E0822B8007C7850 /* QJKJCollectionView.h */,
				12CBC4C11E0822B8007C7850 /* QJKJCollectionView.m */,
			);
			path = UICollectionView;
			sourceTree = "<group>";
		};
		046AA5A01E07D1E60097EC30 /* UIImageView */ = {
			isa = PBXGroup;
			children = (
				12CBC4BD1E0822A4007C7850 /* QJKJImageView.h */,
				12CBC4BE1E0822A4007C7850 /* QJKJImageView.m */,
			);
			path = UIImageView;
			sourceTree = "<group>";
		};
		046AA5A11E07D1E60097EC30 /* UILabel */ = {
			isa = PBXGroup;
			children = (
				12CBC4A31E080C2C007C7850 /* QJKJLabel.h */,
				12CBC4A41E080C2C007C7850 /* QJKJLabel.m */,
			);
			path = UILabel;
			sourceTree = "<group>";
		};
		046AA5A21E07D1E60097EC30 /* UIScrollView */ = {
			isa = PBXGroup;
			children = (
				12CBC4C61E0822CE007C7850 /* QJKJScrollView.h */,
				12CBC4C71E0822CE007C7850 /* QJKJScrollView.m */,
			);
			path = UIScrollView;
			sourceTree = "<group>";
		};
		046AA5A31E07D1E60097EC30 /* UISwitch */ = {
			isa = PBXGroup;
			children = (
				12CBC4C91E0822DB007C7850 /* QJKJSwitch.h */,
				12CBC4CA1E0822DB007C7850 /* QJKJSwitch.m */,
			);
			path = UISwitch;
			sourceTree = "<group>";
		};
		046AA5A41E07D1E60097EC30 /* UITableView */ = {
			isa = PBXGroup;
			children = (
				12CBC4CC1E0822F0007C7850 /* QJKJTableView.h */,
				12CBC4CD1E0822F0007C7850 /* QJKJTableView.m */,
			);
			path = UITableView;
			sourceTree = "<group>";
		};
		046AA5A51E07D1E60097EC30 /* UITableViewCell */ = {
			isa = PBXGroup;
			children = (
				12CBC4CF1E082306007C7850 /* QJKJTableViewCell.h */,
				12CBC4D01E082306007C7850 /* QJKJTableViewCell.m */,
			);
			path = UITableViewCell;
			sourceTree = "<group>";
		};
		046AA5A61E07D1E60097EC30 /* UITextField */ = {
			isa = PBXGroup;
			children = (
				12CBC4D21E082318007C7850 /* QJKJTextField.h */,
				12CBC4D31E082318007C7850 /* QJKJTextField.m */,
			);
			path = UITextField;
			sourceTree = "<group>";
		};
		046AA5A71E07D1E60097EC30 /* UITextView */ = {
			isa = PBXGroup;
			children = (
				12CBC4A01E080B25007C7850 /* QJKJTextView.h */,
				12CBC4A11E080B25007C7850 /* QJKJTextView.m */,
			);
			path = UITextView;
			sourceTree = "<group>";
		};
		046AA5A81E07D1E60097EC30 /* UIView */ = {
			isa = PBXGroup;
			children = (
				12CBC4D51E08234E007C7850 /* QJKJView.h */,
				12CBC4D61E08234E007C7850 /* QJKJView.m */,
			);
			path = UIView;
			sourceTree = "<group>";
		};
		046AA5A91E07D1E60097EC30 /* MainModule(主要模块) */ = {
			isa = PBXGroup;
			children = (
				12CBC4B21E081F75007C7850 /* HomeModule(首页) */,
			);
			name = "MainModule(主要模块)";
			path = MainModule;
			sourceTree = "<group>";
		};
		046AA5AA1E07D1E60097EC30 /* Other(其它) */ = {
			isa = PBXGroup;
			children = (
				046AA5AD1E07D2C30097EC30 /* AppDelegate.h */,
				046AA5AE1E07D2C30097EC30 /* AppDelegate.m */,
			);
			name = "Other(其它)";
			path = Other;
			sourceTree = "<group>";
		};
		046AA5AB1E07D1E60097EC30 /* Resource(资源) */ = {
			isa = PBXGroup;
			children = (
			);
			name = "Resource(资源)";
			path = Resource;
			sourceTree = "<group>";
		};
		046AA5AC1E07D1E60097EC30 /* Vendor(第三方) */ = {
			isa = PBXGroup;
			children = (
			);
			name = "Vendor(第三方)";
			path = Vendor;
			sourceTree = "<group>";
		};
		04EE53E51E1DD48800356BB4 /* ChatImage */ = {
			isa = PBXGroup;
			children = (
				04EE541C1E1E4A7B00356BB4 /* chat_delete@2x.png */,
				04EE53E61E1DD48800356BB4 /* chat_audio@2x.png */,
				04EE53E71E1DD48800356BB4 /* chat_emoji@2x.png */,
				04EE53E81E1DD48800356BB4 /* chat_keyboard@2x.png */,
				04EE53E91E1DD48800356BB4 /* chat_more@2x.png */,
			);
			path = ChatImage;
			sourceTree = "<group>";
		};
		04EE53F11E1E446300356BB4 /* EmojiImage */ = {
			isa = PBXGroup;
			children = (
				04EE53F21E1E446300356BB4 /* 亲亲@2x.png */,
				04EE53F31E1E446300356BB4 /* 冷汗@2x.png */,
				04EE53F41E1E446300356BB4 /* 吃惊@2x.png */,
				04EE53F51E1E446300356BB4 /* 呲牙@2x.png */,
				04EE53F61E1E446300356BB4 /* 喜欢@2x.png */,
				04EE53F71E1E446300356BB4 /* 大哭@2x.png */,
				04EE53F81E1E446300356BB4 /* 失望@2x.png */,
				04EE53F91E1E446300356BB4 /* 害怕@2x.png */,
				04EE53FA1E1E446300356BB4 /* 害羞@2x.png */,
				04EE53FB1E1E446300356BB4 /* 开心@2x.png */,
				04EE53FC1E1E446300356BB4 /* 惊恐@2x.png */,
				04EE53FD1E1E446300356BB4 /* 想想@2x.png */,
				04EE53FE1E1E446300356BB4 /* 眨眼@2x.png */,
				04EE53FF1E1E446300356BB4 /* 糟糕@2x.png */,
				04EE54001E1E446300356BB4 /* 纠结@2x.png */,
				04EE54011E1E446300356BB4 /* 脸红@2x.png */,
				04EE54021E1E446300356BB4 /* 苦脸@2x.png */,
				04EE54031E1E446300356BB4 /* 阴险@2x.png */,
				04EE54041E1E446300356BB4 /* 难过@2x.png */,
				04EE54051E1E446300356BB4 /* 飞吻@2x.png */,
				04EE54061E1E446300356BB4 /* 鬼脸@2x.png */,
			);
			path = EmojiImage;
			sourceTree = "<group>";
		};
		123640AA1E1D259600B7D371 /* ChatModule(聊天) */ = {
			isa = PBXGroup;
			children = (
				04EE53F11E1E446300356BB4 /* EmojiImage */,
				04EE53E51E1DD48800356BB4 /* ChatImage */,
				123640AB1E1D259600B7D371 /* Controller */,
				123640AC1E1D259600B7D371 /* Handler */,
				123640AD1E1D259600B7D371 /* Model */,
				123640AE1E1D259600B7D371 /* View */,
			);
			name = "ChatModule(聊天)";
			path = ChatModule;
			sourceTree = "<group>";
		};
		123640AB1E1D259600B7D371 /* Controller */ = {
			isa = PBXGroup;
			children = (
				123640B21E1D261300B7D371 /* QJKJChatModuleVC.h */,
				123640B31E1D261300B7D371 /* QJKJChatModuleVC.m */,
			);
			path = Controller;
			sourceTree = "<group>";
		};
		123640AC1E1D259600B7D371 /* Handler */ = {
			isa = PBXGroup;
			children = (
			);
			path = Handler;
			sourceTree = "<group>";
		};
		123640AD1E1D259600B7D371 /* Model */ = {
			isa = PBXGroup;
			children = (
			);
			path = Model;
			sourceTree = "<group>";
		};
		123640AE1E1D259600B7D371 /* View */ = {
			isa = PBXGroup;
			children = (
				123640B51E1D266A00B7D371 /* QJKJChatInputView.h */,
				123640B61E1D266A00B7D371 /* QJKJChatInputView.m */,
				123640BB1E1D334200B7D371 /* QJKJChatFaceView.h */,
				123640BC1E1D334200B7D371 /* QJKJChatFaceView.m */,
				123640BE1E1D3CE300B7D371 /* QJKJChatMoreView.h */,
				123640BF1E1D3CE300B7D371 /* QJKJChatMoreView.m */,
				04EE53EE1E1DDDA900356BB4 /* QJKJChatAudioInputView.h */,
				04EE53EF1E1DDDA900356BB4 /* QJKJChatAudioInputView.m */,
			);
			path = View;
			sourceTree = "<group>";
		};
		12CBC4A61E080D00007C7850 /* FontCategory(字体) */ = {
			isa = PBXGroup;
			children = (
				12CBC4A81E080D96007C7850 /* UIFont+QJKJHelper.h */,
				12CBC4A91E080D96007C7850 /* UIFont+QJKJHelper.m */,
			);
			name = "FontCategory(字体)";
			path = FontCategory;
			sourceTree = "<group>";
		};
		12CBC4A71E080D1F007C7850 /* ColorCategory(颜色) */ = {
			isa = PBXGroup;
			children = (
				12CBC4AB1E081578007C7850 /* UIColor+QJKJHelper.h */,
				12CBC4AC1E081578007C7850 /* UIColor+QJKJHelper.m */,
			);
			name = "ColorCategory(颜色)";
			path = ColorCategory;
			sourceTree = "<group>";
		};
		12CBC4AE1E081A1B007C7850 /* ViewCategory(控件) */ = {
			isa = PBXGroup;
			children = (
				12CBC4AF1E081A36007C7850 /* UIView+QJKJBase.h */,
				12CBC4B01E081A36007C7850 /* UIView+QJKJBase.m */,
			);
			name = "ViewCategory(控件)";
			path = ViewCategory;
			sourceTree = "<group>";
		};
		12CBC4B21E081F75007C7850 /* HomeModule(首页) */ = {
			isa = PBXGroup;
			children = (
				12CBC4B31E081F9D007C7850 /* Controller */,
				12CBC4B41E081F9D007C7850 /* Handler */,
				12CBC4B51E081F9D007C7850 /* Model */,
				12CBC4B61E081F9D007C7850 /* View */,
			);
			name = "HomeModule(首页)";
			path = HomeModule;
			sourceTree = "<group>";
		};
		12CBC4B31E081F9D007C7850 /* Controller */ = {
			isa = PBXGroup;
			children = (
				12CBC4BA1E082049007C7850 /* QJKJHomeVC.h */,
				12CBC4BB1E082049007C7850 /* QJKJHomeVC.m */,
			);
			path = Controller;
			sourceTree = "<group>";
		};
		12CBC4B41E081F9D007C7850 /* Handler */ = {
			isa = PBXGroup;
			children = (
			);
			path = Handler;
			sourceTree = "<group>";
		};
		12CBC4B51E081F9D007C7850 /* Model */ = {
			isa = PBXGroup;
			children = (
			);
			path = Model;
			sourceTree = "<group>";
		};
		12CBC4B61E081F9D007C7850 /* View */ = {
			isa = PBXGroup;
			children = (
			);
			path = View;
			sourceTree = "<group>";
		};
		12CBC4D81E082474007C7850 /* DropBox(下拉框) */ = {
			isa = PBXGroup;
			children = (
				12CBC4D91E0824BC007C7850 /* LSDropBoxView.h */,
				12CBC4DA1E0824BC007C7850 /* LSDropBoxView.m */,
				12CBC4DC1E0830A0007C7850 /* LSDropBoxCell.h */,
				12CBC4DD1E0830A0007C7850 /* LSDropBoxCell.m */,
			);
			name = "DropBox(下拉框)";
			path = DropBox;
			sourceTree = "<group>";
		};
/* End PBXGroup section */

/* Begin PBXNativeTarget section */
		040DBE781E07CA6100D15EF9 /* LYCModuleManager */ = {
			isa = PBXNativeTarget;
			buildConfigurationList = 040DBEA91E07CA6100D15EF9 /* Build configuration list for PBXNativeTarget "LYCModuleManager" */;
			buildPhases = (
				040DBE751E07CA6100D15EF9 /* Sources */,
				040DBE761E07CA6100D15EF9 /* Frameworks */,
				040DBE771E07CA6100D15EF9 /* Resources */,
			);
			buildRules = (
			);
			dependencies = (
			);
			name = LYCModuleManager;
			productName = LYCModuleManager;
			productReference = 040DBE791E07CA6100D15EF9 /* LYCModuleManager.app */;
			productType = "com.apple.product-type.application";
		};
		040DBE941E07CA6100D15EF9 /* LYCModuleManagerTests */ = {
			isa = PBXNativeTarget;
			buildConfigurationList = 040DBEAC1E07CA6100D15EF9 /* Build configuration list for PBXNativeTarget "LYCModuleManagerTests" */;
			buildPhases = (
				040DBE911E07CA6100D15EF9 /* Sources */,
				040DBE921E07CA6100D15EF9 /* Frameworks */,
				040DBE931E07CA6100D15EF9 /* Resources */,
			);
			buildRules = (
			);
			dependencies = (
				040DBE971E07CA6100D15EF9 /* PBXTargetDependency */,
			);
			name = LYCModuleManagerTests;
			productName = LYCModuleManagerTests;
			productReference = 040DBE951E07CA6100D15EF9 /* LYCModuleManagerTests.xctest */;
			productType = "com.apple.product-type.bundle.unit-test";
		};
		040DBE9F1E07CA6100D15EF9 /* LYCModuleManagerUITests */ = {
			isa = PBXNativeTarget;
			buildConfigurationList = 040DBEAF1E07CA6100D15EF9 /* Build configuration list for PBXNativeTarget "LYCModuleManagerUITests" */;
			buildPhases = (
				040DBE9C1E07CA6100D15EF9 /* Sources */,
				040DBE9D1E07CA6100D15EF9 /* Frameworks */,
				040DBE9E1E07CA6100D15EF9 /* Resources */,
			);
			buildRules = (
			);
			dependencies = (
				040DBEA21E07CA6100D15EF9 /* PBXTargetDependency */,
			);
			name = LYCModuleManagerUITests;
			productName = LYCModuleManagerUITests;
			productReference = 040DBEA01E07CA6100D15EF9 /* LYCModuleManagerUITests.xctest */;
			productType = "com.apple.product-type.bundle.ui-testing";
		};
/* End PBXNativeTarget section */

/* Begin PBXProject section */
		040DBE711E07CA6100D15EF9 /* Project object */ = {
			isa = PBXProject;
			attributes = {
				CLASSPREFIX = QJKJ;
				LastUpgradeCheck = 0820;
				ORGANIZATIONNAME = "深圳市齐家互联网科技股份有限公司";
				TargetAttributes = {
					040DBE781E07CA6100D15EF9 = {
						CreatedOnToolsVersion = 8.2;
						DevelopmentTeam = B58J9B3HCL;
						ProvisioningStyle = Automatic;
					};
					040DBE941E07CA6100D15EF9 = {
						CreatedOnToolsVersion = 8.2;
						DevelopmentTeam = 7LPWK7MV6D;
						ProvisioningStyle = Automatic;
						TestTargetID = 040DBE781E07CA6100D15EF9;
					};
					040DBE9F1E07CA6100D15EF9 = {
						CreatedOnToolsVersion = 8.2;
						DevelopmentTeam = 7LPWK7MV6D;
						ProvisioningStyle = Automatic;
						TestTargetID = 040DBE781E07CA6100D15EF9;
					};
				};
			};
			buildConfigurationList = 040DBE741E07CA6100D15EF9 /* Build configuration list for PBXProject "LYCModuleManager" */;
			compatibilityVersion = "Xcode 3.2";
			developmentRegion = English;
			hasScannedForEncodings = 0;
			knownRegions = (
				en,
				Base,
			);
			mainGroup = 040DBE701E07CA6100D15EF9;
			productRefGroup = 040DBE7A1E07CA6100D15EF9 /* Products */;
			projectDirPath = "";
			projectRoot = "";
			targets = (
				040DBE781E07CA6100D15EF9 /* LYCModuleManager */,
				040DBE941E07CA6100D15EF9 /* LYCModuleManagerTests */,
				040DBE9F1E07CA6100D15EF9 /* LYCModuleManagerUITests */,
			);
		};
/* End PBXProject section */

/* Begin PBXResourcesBuildPhase section */
		040DBE771E07CA6100D15EF9 /* Resources */ = {
			isa = PBXResourcesBuildPhase;
			buildActionMask = 2147483647;
			files = (
				04EE54111E1E446300356BB4 /* 惊恐@2x.png in Resources */,
				04EE54081E1E446300356BB4 /* 冷汗@2x.png in Resources */,
				04EE54131E1E446300356BB4 /* 眨眼@2x.png in Resources */,
				040DBE8C1E07CA6100D15EF9 /* Assets.xcassets in Resources */,
				04EE54141E1E446300356BB4 /* 糟糕@2x.png in Resources */,
				04EE53EC1E1DD48800356BB4 /* chat_keyboard@2x.png in Resources */,
				04EE541D1E1E4A7B00356BB4 /* chat_delete@2x.png in Resources */,
				04EE54091E1E446300356BB4 /* 吃惊@2x.png in Resources */,
				04EE54181E1E446300356BB4 /* 阴险@2x.png in Resources */,
				04EE540A1E1E446300356BB4 /* 呲牙@2x.png in Resources */,
				04EE53EB1E1DD48800356BB4 /* chat_emoji@2x.png in Resources */,
				04EE540E1E1E446300356BB4 /* 害怕@2x.png in Resources */,
				04EE540F1E1E446300356BB4 /* 害羞@2x.png in Resources */,
				04EE54161E1E446300356BB4 /* 脸红@2x.png in Resources */,
				04EE541A1E1E446300356BB4 /* 飞吻@2x.png in Resources */,
				04EE541B1E1E446300356BB4 /* 鬼脸@2x.png in Resources */,
				04EE540D1E1E446300356BB4 /* 失望@2x.png in Resources */,
				04EE53ED1E1DD48800356BB4 /* chat_more@2x.png in Resources */,
				04EE54071E1E446300356BB4 /* 亲亲@2x.png in Resources */,
				04EE540C1E1E446300356BB4 /* 大哭@2x.png in Resources */,
				04EE540B1E1E446300356BB4 /* 喜欢@2x.png in Resources */,
				04EE54121E1E446300356BB4 /* 想想@2x.png in Resources */,
				04EE54191E1E446300356BB4 /* 难过@2x.png in Resources */,
				04EE54171E1E446300356BB4 /* 苦脸@2x.png in Resources */,
				04EE54151E1E446300356BB4 /* 纠结@2x.png in Resources */,
				04EE53EA1E1DD48800356BB4 /* chat_audio@2x.png in Resources */,
				04EE54101E1E446300356BB4 /* 开心@2x.png in Resources */,
			);
			runOnlyForDeploymentPostprocessing = 0;
		};
		040DBE931E07CA6100D15EF9 /* Resources */ = {
			isa = PBXResourcesBuildPhase;
			buildActionMask = 2147483647;
			files = (
			);
			runOnlyForDeploymentPostprocessing = 0;
		};
		040DBE9E1E07CA6100D15EF9 /* Resources */ = {
			isa = PBXResourcesBuildPhase;
			buildActionMask = 2147483647;
			files = (
			);
			runOnlyForDeploymentPostprocessing = 0;
		};
/* End PBXResourcesBuildPhase section */

/* Begin PBXSourcesBuildPhase section */
		040DBE751E07CA6100D15EF9 /* Sources */ = {
			isa = PBXSourcesBuildPhase;
			buildActionMask = 2147483647;
			files = (
				0409BABB1E0BC6EC00713310 /* LSDateSelectView.m in Sources */,
				12CBC4DB1E0824BC007C7850 /* LSDropBoxView.m in Sources */,
				123640B41E1D261300B7D371 /* QJKJChatModuleVC.m in Sources */,
				12CBC4AA1E080D96007C7850 /* UIFont+QJKJHelper.m in Sources */,
				12CBC4C81E0822CE007C7850 /* QJKJScrollView.m in Sources */,
				12CBC4A51E080C2C007C7850 /* QJKJLabel.m in Sources */,
				123640BA1E1D2D0400B7D371 /* QJKJNavigationVC.m in Sources */,
				12CBC4B11E081A36007C7850 /* UIView+QJKJBase.m in Sources */,
				12CBC4B91E081FF8007C7850 /* QJKJBaseVC.m in Sources */,
				040DBE8A1E07CA6100D15EF9 /* LYCModuleManager.xcdatamodeld in Sources */,
				046AA5B41E07D48E0097EC30 /* QJKJTabBarController.m in Sources */,
				123640B71E1D266A00B7D371 /* QJKJChatInputView.m in Sources */,
				12CBC4BC1E082049007C7850 /* QJKJHomeVC.m in Sources */,
				12CBC4C21E0822B8007C7850 /* QJKJCollectionView.m in Sources */,
				123640BD1E1D334200B7D371 /* QJKJChatFaceView.m in Sources */,
				12CBC4CE1E0822F0007C7850 /* QJKJTableView.m in Sources */,
				12CBC4CB1E0822DB007C7850 /* QJKJSwitch.m in Sources */,
				12CBC4D11E082306007C7850 /* QJKJTableViewCell.m in Sources */,
				12CBC4D71E08234E007C7850 /* QJKJView.m in Sources */,
				123640C01E1D3CE300B7D371 /* QJKJChatMoreView.m in Sources */,
				040DBE7E1E07CA6100D15EF9 /* main.m in Sources */,
				12CBC4C51E0822C2007C7850 /* QJKJButton.m in Sources */,
				12CBC4BF1E0822A4007C7850 /* QJKJImageView.m in Sources */,
				04EE53F01E1DDDA900356BB4 /* QJKJChatAudioInputView.m in Sources */,
				12CBC4A21E080B25007C7850 /* QJKJTextView.m in Sources */,
				12CBC4DE1E0830A0007C7850 /* LSDropBoxCell.m in Sources */,
				12CBC4D41E082318007C7850 /* QJKJTextField.m in Sources */,
				046AA5AF1E07D2C30097EC30 /* AppDelegate.m in Sources */,
				12CBC4AD1E081578007C7850 /* UIColor+QJKJHelper.m in Sources */,
			);
			runOnlyForDeploymentPostprocessing = 0;
		};
		040DBE911E07CA6100D15EF9 /* Sources */ = {
			isa = PBXSourcesBuildPhase;
			buildActionMask = 2147483647;
			files = (
				040DBE9A1E07CA6100D15EF9 /* LYCModuleManagerTests.m in Sources */,
			);
			runOnlyForDeploymentPostprocessing = 0;
		};
		040DBE9C1E07CA6100D15EF9 /* Sources */ = {
			isa = PBXSourcesBuildPhase;
			buildActionMask = 2147483647;
			files = (
				040DBEA51E07CA6100D15EF9 /* LYCModuleManagerUITests.m in Sources */,
			);
			runOnlyForDeploymentPostprocessing = 0;
		};
/* End PBXSourcesBuildPhase section */

/* Begin PBXTargetDependency section */
		040DBE971E07CA6100D15EF9 /* PBXTargetDependency */ = {
			isa = PBXTargetDependency;
			target = 040DBE781E07CA6100D15EF9 /* LYCModuleManager */;
			targetProxy = 040DBE961E07CA6100D15EF9 /* PBXContainerItemProxy */;
		};
		040DBEA21E07CA6100D15EF9 /* PBXTargetDependency */ = {
			isa = PBXTargetDependency;
			target = 040DBE781E07CA6100D15EF9 /* LYCModuleManager */;
			targetProxy = 040DBEA11E07CA6100D15EF9 /* PBXContainerItemProxy */;
		};
/* End PBXTargetDependency section */

/* Begin XCBuildConfiguration section */
		040DBEA71E07CA6100D15EF9 /* Debug */ = {
			isa = XCBuildConfiguration;
			buildSettings = {
				ALWAYS_SEARCH_USER_PATHS = NO;
				CLANG_ANALYZER_NONNULL = YES;
				CLANG_CXX_LANGUAGE_STANDARD = "gnu++0x";
				CLANG_CXX_LIBRARY = "libc++";
				CLANG_ENABLE_MODULES = YES;
				CLANG_ENABLE_OBJC_ARC = YES;
				CLANG_WARN_BOOL_CONVERSION = YES;
				CLANG_WARN_CONSTANT_CONVERSION = YES;
				CLANG_WARN_DIRECT_OBJC_ISA_USAGE = YES_ERROR;
				CLANG_WARN_DOCUMENTATION_COMMENTS = YES;
				CLANG_WARN_EMPTY_BODY = YES;
				CLANG_WARN_ENUM_CONVERSION = YES;
				CLANG_WARN_INFINITE_RECURSION = YES;
				CLANG_WARN_INT_CONVERSION = YES;
				CLANG_WARN_OBJC_ROOT_CLASS = YES_ERROR;
				CLANG_WARN_SUSPICIOUS_MOVE = YES;
				CLANG_WARN_UNREACHABLE_CODE = YES;
				CLANG_WARN__DUPLICATE_METHOD_MATCH = YES;
				"CODE_SIGN_IDENTITY[sdk=iphoneos*]" = "iPhone Developer";
				COPY_PHASE_STRIP = NO;
				DEBUG_INFORMATION_FORMAT = dwarf;
				ENABLE_STRICT_OBJC_MSGSEND = YES;
				ENABLE_TESTABILITY = YES;
				GCC_C_LANGUAGE_STANDARD = gnu99;
				GCC_DYNAMIC_NO_PIC = NO;
				GCC_NO_COMMON_BLOCKS = YES;
				GCC_OPTIMIZATION_LEVEL = 0;
				GCC_PREPROCESSOR_DEFINITIONS = (
					"DEBUG=1",
					"$(inherited)",
				);
				GCC_WARN_64_TO_32_BIT_CONVERSION = YES;
				GCC_WARN_ABOUT_RETURN_TYPE = YES_ERROR;
				GCC_WARN_UNDECLARED_SELECTOR = YES;
				GCC_WARN_UNINITIALIZED_AUTOS = YES_AGGRESSIVE;
				GCC_WARN_UNUSED_FUNCTION = YES;
				GCC_WARN_UNUSED_VARIABLE = YES;
				IPHONEOS_DEPLOYMENT_TARGET = 10.2;
				MTL_ENABLE_DEBUG_INFO = YES;
				ONLY_ACTIVE_ARCH = YES;
				SDKROOT = iphoneos;
				TARGETED_DEVICE_FAMILY = "1,2";
			};
			name = Debug;
		};
		040DBEA81E07CA6100D15EF9 /* Release */ = {
			isa = XCBuildConfiguration;
			buildSettings = {
				ALWAYS_SEARCH_USER_PATHS = NO;
				CLANG_ANALYZER_NONNULL = YES;
				CLANG_CXX_LANGUAGE_STANDARD = "gnu++0x";
				CLANG_CXX_LIBRARY = "libc++";
				CLANG_ENABLE_MODULES = YES;
				CLANG_ENABLE_OBJC_ARC = YES;
				CLANG_WARN_BOOL_CONVERSION = YES;
				CLANG_WARN_CONSTANT_CONVERSION = YES;
				CLANG_WARN_DIRECT_OBJC_ISA_USAGE = YES_ERROR;
				CLANG_WARN_DOCUMENTATION_COMMENTS = YES;
				CLANG_WARN_EMPTY_BODY = YES;
				CLANG_WARN_ENUM_CONVERSION = YES;
				CLANG_WARN_INFINITE_RECURSION = YES;
				CLANG_WARN_INT_CONVERSION = YES;
				CLANG_WARN_OBJC_ROOT_CLASS = YES_ERROR;
				CLANG_WARN_SUSPICIOUS_MOVE = YES;
				CLANG_WARN_UNREACHABLE_CODE = YES;
				CLANG_WARN__DUPLICATE_METHOD_MATCH = YES;
				"CODE_SIGN_IDENTITY[sdk=iphoneos*]" = "iPhone Developer";
				COPY_PHASE_STRIP = NO;
				DEBUG_INFORMATION_FORMAT = "dwarf-with-dsym";
				ENABLE_NS_ASSERTIONS = NO;
				ENABLE_STRICT_OBJC_MSGSEND = YES;
				GCC_C_LANGUAGE_STANDARD = gnu99;
				GCC_NO_COMMON_BLOCKS = YES;
				GCC_WARN_64_TO_32_BIT_CONVERSION = YES;
				GCC_WARN_ABOUT_RETURN_TYPE = YES_ERROR;
				GCC_WARN_UNDECLARED_SELECTOR = YES;
				GCC_WARN_UNINITIALIZED_AUTOS = YES_AGGRESSIVE;
				GCC_WARN_UNUSED_FUNCTION = YES;
				GCC_WARN_UNUSED_VARIABLE = YES;
				IPHONEOS_DEPLOYMENT_TARGET = 10.2;
				MTL_ENABLE_DEBUG_INFO = NO;
				SDKROOT = iphoneos;
				TARGETED_DEVICE_FAMILY = "1,2";
				VALIDATE_PRODUCT = YES;
			};
			name = Release;
		};
		040DBEAA1E07CA6100D15EF9 /* Debug */ = {
			isa = XCBuildConfiguration;
			buildSettings = {
				ASSETCATALOG_COMPILER_APPICON_NAME = AppIcon;
				DEVELOPMENT_TEAM = B58J9B3HCL;
				GCC_PRECOMPILE_PREFIX_HEADER = YES;
				GCC_PREFIX_HEADER = LYCModuleManager/Macro/LYCPch.pch;
				INFOPLIST_FILE = LYCModuleManager/Info.plist;
				IPHONEOS_DEPLOYMENT_TARGET = 7.0;
				LD_RUNPATH_SEARCH_PATHS = "$(inherited) @executable_path/Frameworks";
				PRODUCT_BUNDLE_IDENTIFIER = com.Giga.LYCModuleManager;
				PRODUCT_NAME = "$(TARGET_NAME)";
			};
			name = Debug;
		};
		040DBEAB1E07CA6100D15EF9 /* Release */ = {
			isa = XCBuildConfiguration;
			buildSettings = {
				ASSETCATALOG_COMPILER_APPICON_NAME = AppIcon;
				DEVELOPMENT_TEAM = B58J9B3HCL;
				GCC_PRECOMPILE_PREFIX_HEADER = YES;
				GCC_PREFIX_HEADER = LYCModuleManager/Macro/LYCPch.pch;
				INFOPLIST_FILE = LYCModuleManager/Info.plist;
				IPHONEOS_DEPLOYMENT_TARGET = 7.0;
				LD_RUNPATH_SEARCH_PATHS = "$(inherited) @executable_path/Frameworks";
				PRODUCT_BUNDLE_IDENTIFIER = com.Giga.LYCModuleManager;
				PRODUCT_NAME = "$(TARGET_NAME)";
			};
			name = Release;
		};
		040DBEAD1E07CA6100D15EF9 /* Debug */ = {
			isa = XCBuildConfiguration;
			buildSettings = {
				BUNDLE_LOADER = "$(TEST_HOST)";
				DEVELOPMENT_TEAM = 7LPWK7MV6D;
				INFOPLIST_FILE = LYCModuleManagerTests/Info.plist;
				LD_RUNPATH_SEARCH_PATHS = "$(inherited) @executable_path/Frameworks @loader_path/Frameworks";
				PRODUCT_BUNDLE_IDENTIFIER = com.Giga.LYCModuleManagerTests;
				PRODUCT_NAME = "$(TARGET_NAME)";
				TEST_HOST = "$(BUILT_PRODUCTS_DIR)/LYCModuleManager.app/LYCModuleManager";
			};
			name = Debug;
		};
		040DBEAE1E07CA6100D15EF9 /* Release */ = {
			isa = XCBuildConfiguration;
			buildSettings = {
				BUNDLE_LOADER = "$(TEST_HOST)";
				DEVELOPMENT_TEAM = 7LPWK7MV6D;
				INFOPLIST_FILE = LYCModuleManagerTests/Info.plist;
				LD_RUNPATH_SEARCH_PATHS = "$(inherited) @executable_path/Frameworks @loader_path/Frameworks";
				PRODUCT_BUNDLE_IDENTIFIER = com.Giga.LYCModuleManagerTests;
				PRODUCT_NAME = "$(TARGET_NAME)";
				TEST_HOST = "$(BUILT_PRODUCTS_DIR)/LYCModuleManager.app/LYCModuleManager";
			};
			name = Release;
		};
		040DBEB01E07CA6100D15EF9 /* Debug */ = {
			isa = XCBuildConfiguration;
			buildSettings = {
				DEVELOPMENT_TEAM = 7LPWK7MV6D;
				INFOPLIST_FILE = LYCModuleManagerUITests/Info.plist;
				LD_RUNPATH_SEARCH_PATHS = "$(inherited) @executable_path/Frameworks @loader_path/Frameworks";
				PRODUCT_BUNDLE_IDENTIFIER = com.Giga.LYCModuleManagerUITests;
				PRODUCT_NAME = "$(TARGET_NAME)";
				TEST_TARGET_NAME = LYCModuleManager;
			};
			name = Debug;
		};
		040DBEB11E07CA6100D15EF9 /* Release */ = {
			isa = XCBuildConfiguration;
			buildSettings = {
				DEVELOPMENT_TEAM = 7LPWK7MV6D;
				INFOPLIST_FILE = LYCModuleManagerUITests/Info.plist;
				LD_RUNPATH_SEARCH_PATHS = "$(inherited) @executable_path/Frameworks @loader_path/Frameworks";
				PRODUCT_BUNDLE_IDENTIFIER = com.Giga.LYCModuleManagerUITests;
				PRODUCT_NAME = "$(TARGET_NAME)";
				TEST_TARGET_NAME = LYCModuleManager;
			};
			name = Release;
		};
/* End XCBuildConfiguration section */

/* Begin XCConfigurationList section */
		040DBE741E07CA6100D15EF9 /* Build configuration list for PBXProject "LYCModuleManager" */ = {
			isa = XCConfigurationList;
			buildConfigurations = (
				040DBEA71E07CA6100D15EF9 /* Debug */,
				040DBEA81E07CA6100D15EF9 /* Release */,
			);
			defaultConfigurationIsVisible = 0;
			defaultConfigurationName = Release;
		};
		040DBEA91E07CA6100D15EF9 /* Build configuration list for PBXNativeTarget "LYCModuleManager" */ = {
			isa = XCConfigurationList;
			buildConfigurations = (
				040DBEAA1E07CA6100D15EF9 /* Debug */,
				040DBEAB1E07CA6100D15EF9 /* Release */,
			);
			defaultConfigurationIsVisible = 0;
			defaultConfigurationName = Release;
		};
		040DBEAC1E07CA6100D15EF9 /* Build configuration list for PBXNativeTarget "LYCModuleManagerTests" */ = {
			isa = XCConfigurationList;
			buildConfigurations = (
				040DBEAD1E07CA6100D15EF9 /* Debug */,
				040DBEAE1E07CA6100D15EF9 /* Release */,
			);
			defaultConfigurationIsVisible = 0;
			defaultConfigurationName = Release;
		};
		040DBEAF1E07CA6100D15EF9 /* Build configuration list for PBXNativeTarget "LYCModuleManagerUITests" */ = {
			isa = XCConfigurationList;
			buildConfigurations = (
				040DBEB01E07CA6100D15EF9 /* Debug */,
				040DBEB11E07CA6100D15EF9 /* Release */,
			);
			defaultConfigurationIsVisible = 0;
			defaultConfigurationName = Release;
		};
/* End XCConfigurationList section */

/* Begin XCVersionGroup section */
		040DBE881E07CA6100D15EF9 /* LYCModuleManager.xcdatamodeld */ = {
			isa = XCVersionGroup;
			children = (
				040DBE891E07CA6100D15EF9 /* LYCModuleManager.xcdatamodel */,
			);
			currentVersion = 040DBE891E07CA6100D15EF9 /* LYCModuleManager.xcdatamodel */;
			path = LYCModuleManager.xcdatamodeld;
			sourceTree = "<group>";
			versionGroupType = wrapper.xcdatamodel;
		};
/* End XCVersionGroup section */
	};
	rootObject = 040DBE711E07CA6100D15EF9 /* Project object */;
}
